version = 1
revision = 3
requires-python = ">=3.14"

[[package]]
name = "advent-of-code-2025"
version = "0.1.0"
source = { virtual = "." }
dependencies = [
    { name = "hypothesis" },
]

[package.metadata]
requires-dist = [{ name = "hypothesis", specifier = ">=6.148.3" }]

[[package]]
name = "hypothesis"
version = "6.148.3"
source = { registry = "https://pypi.org/simple" }
dependencies = [
    { name = "sortedcontainers" },
]
sdist = { url = "https://files.pythonhosted.org/packages/e1/3d/41da3727e5f3e6b0c79b9657946c742e2f61d24edcde3e1660e337509586/hypothesis-6.148.3.tar.gz", hash = "sha256:bd81221740d8658473060ad900dc831f889f156fdb41210ba2f47cfad10a66ed", size = 469896, upload-time = "2025-11-27T06:34:09.419Z" }
wheels = [
    { url = "https://files.pythonhosted.org/packages/0a/61/8c9fd9397eb46ac54d974be8b9e619c386d6b47a462d8df962ebb79980f9/hypothesis-6.148.3-py3-none-any.whl", hash = "sha256:e7dd193da9800234ec5e1541c1eddde4bddff49b53faf690ba68a0af55a7abb3", size = 536925, upload-time = "2025-11-27T06:34:06.978Z" },
]

[[package]]
name = "sortedcontainers"
version = "2.4.0"
source = { registry = "https://pypi.org/simple" }
sdist = { url = "https://files.pythonhosted.org/packages/e8/c4/ba2f8066cceb6f23394729afe52f3bf7adec04bf9ed2c820b39e19299111/sortedcontainers-2.4.0.tar.gz", hash = "sha256:25caa5a06cc30b6b83d11423433f65d1f9d76c4c6a0c90e3379eaa43b9bfdb88", size = 30594, upload-time = "2021-05-16T22:03:42.897Z" }
wheels = [
    { url = "https://files.pythonhosted.org/packages/32/46/9cb0e58b2deb7f82b84065f37f3bffeb12413f947f9388e4cac22c4621ce/sortedcontainers-2.4.0-py2.py3-none-any.whl", hash = "sha256:a163dcaede0f1c021485e957a39245190e74249897e2ae4b2aa38595db237ee0", size = 29575, upload-time = "2021-05-16T22:03:41.177Z" },
]
